
Microsoft Visual Studio Solution File, Format Version 12.00
# Visual Studio Version 17
VisualStudioVersion = 17.14.37328.6 d17.14
MinimumVisualStudioVersion = 10.0.40219.1
Project("{FAE04EC0-301F-11D3-BF4B-00C04F79EFBC}") = "MasterBlogger.Domain", "MasterBlogger.Domain\MasterBlogger.Domain.csproj", "{74CD14B8-65B7-41C6-AB3D-20B0BA213362}"
EndProject
Project("{FAE04EC0-301F-11D3-BF4B-00C04F79EFBC}") = "MasterBlogger.Application", "MasterBlogger.Application\MasterBlogger.Application.csproj", "{24B752EB-C2F8-45EC-8929-9DD55FEE3D8F}"
EndProject
Project("{FAE04EC0-301F-11D3-BF4B-00C04F79EFBC}") = "MasterBlogger.Infrastructure", "MasterBlogger.Infrastructure\MasterBlogger.Infrastructure.csproj", "{9299A670-09A0-455B-AFD4-5D6D70B7FAF7}"
EndProject
Project("{FAE04EC0-301F-11D3-BF4B-00C04F79EFBC}") = "MasterBlogger.WebUI", "MasterBlogger.WebUI\MasterBlogger.WebUI.csproj", "{66E3729D-BB4F-4D24-9B69-2356CD54E774}"
EndProject
Global
	GlobalSection(SolutionConfigurationPlatforms) = preSolution
		Debug|Any CPU = Debug|Any CPU
		Release|Any CPU = Release|Any CPU
	EndGlobalSection
	GlobalSection(ProjectConfigurationPlatforms) = postSolution
		{74CD14B8-65B7-41C6-AB3D-20B0BA213362}.Debug|Any CPU.ActiveCfg = Debug|Any CPU
		{74CD14B8-65B7-41C6-AB3D-20B0BA213362}.Debug|Any CPU.Build.0 = Debug|Any CPU
		{74CD14B8-65B7-41C6-AB3D-20B0BA213362}.Release|Any CPU.ActiveCfg = Release|Any CPU
		{74CD14B8-65B7-41C6-AB3D-20B0BA213362}.Release|Any CPU.Build.0 = Release|Any CPU
		{24B752EB-C2F8-45EC-8929-9DD55FEE3D8F}.Debug|Any CPU.ActiveCfg = Debug|Any CPU
		{24B752EB-C2F8-45EC-8929-9DD55FEE3D8F}.Debug|Any CPU.Build.0 = Debug|Any CPU
		{24B752EB-C2F8-45EC-8929-9DD55FEE3D8F}.Release|Any CPU.ActiveCfg = Release|Any CPU
		{24B752EB-C2F8-45EC-8929-9DD55FEE3D8F}.Release|Any CPU.Build.0 = Release|Any CPU
		{9299A670-09A0-455B-AFD4-5D6D70B7FAF7}.Debug|Any CPU.ActiveCfg = Debug|Any CPU
		{9299A670-09A0-455B-AFD4-5D6D70B7FAF7}.Debug|Any CPU.Build.0 = Debug|Any CPU
		{9299A670-09A0-455B-AFD4-5D6D70B7FAF7}.Release|Any CPU.ActiveCfg = Release|Any CPU
		{9299A670-09A0-455B-AFD4-5D6D70B7FAF7}.Release|Any CPU.Build.0 = Release|Any CPU
		{66E3729D-BB4F-4D24-9B69-2356CD54E774}.Debug|Any CPU.ActiveCfg = Debug|Any CPU
		{66E3729D-BB4F-4D24-9B69-2356CD54E774}.Debug|Any CPU.Build.0 = Debug|Any CPU
		{66E3729D-BB4F-4D24-9B69-2356CD54E774}.Release|Any CPU.ActiveCfg = Release|Any CPU
		{66E3729D-BB4F-4D24-9B69-2356CD54E774}.Release|Any CPU.Build.0 = Release|Any CPU
	EndGlobalSection
	GlobalSection(SolutionProperties) = preSolution
		HideSolutionNode = FALSE
	EndGlobalSection
	GlobalSection(ExtensibilityGlobals) = postSolution
		SolutionGuid = {BA4037C3-F709-4555-B37A-F0E717EA5BB9}
	EndGlobalSection
EndGlobal
